
Microsoft Visual Studio Solution File, Format Version 12.00
# Visual Studio 15
VisualStudioVersion = 15.0.28307.902
MinimumVisualStudioVersion = 10.0.40219.1
Project("{FAE04EC0-301F-11D3-BF4B-00C04F79EFBC}") = "LP_Lab14", "LP_Lab14\LP_Lab14.csproj", "{CFF76DA7-E236-4A3A-BCEF-77954783E975}"
EndProject
Global
	GlobalSection(SolutionConfigurationPlatforms) = preSolution
		Debug|Any CPU = Debug|Any CPU
		Release|Any CPU = Release|Any CPU
	EndGlobalSection
	GlobalSection(ProjectConfigurationPlatforms) = postSolution
		{CFF76DA7-E236-4A3A-BCEF-77954783E975}.Debug|Any CPU.ActiveCfg = Debug|Any CPU
		{CFF76DA7-E236-4A3A-BCEF-77954783E975}.Debug|Any CPU.Build.0 = Debug|Any CPU
		{CFF76DA7-E236-4A3A-BCEF-77954783E975}.Release|Any CPU.ActiveCfg = Release|Any CPU
		{CFF76DA7-E236-4A3A-BCEF-77954783E975}.Release|Any CPU.Build.0 = Release|Any CPU
	EndGlobalSection
	GlobalSection(SolutionProperties) = preSolution
		HideSolutionNode = FALSE
	EndGlobalSection
	GlobalSection(ExtensibilityGlobals) = postSolution
		SolutionGuid = {BE547F2B-4162-4A0A-B237-0401443950FA}
	EndGlobalSection
EndGlobal
