
Microsoft Visual Studio Solution File, Format Version 12.00
# Visual Studio 15
VisualStudioVersion = 15.0.28307.902
MinimumVisualStudioVersion = 10.0.40219.1
Project("{FAE04EC0-301F-11D3-BF4B-00C04F79EFBC}") = "Lab13", "Lab13\Lab13.csproj", "{0C5FB135-E63D-4E68-8611-BC713DD1D853}"
EndProject
Global
	GlobalSection(SolutionConfigurationPlatforms) = preSolution
		Debug|Any CPU = Debug|Any CPU
		Release|Any CPU = Release|Any CPU
	EndGlobalSection
	GlobalSection(ProjectConfigurationPlatforms) = postSolution
		{0C5FB135-E63D-4E68-8611-BC713DD1D853}.Debug|Any CPU.ActiveCfg = Debug|Any CPU
		{0C5FB135-E63D-4E68-8611-BC713DD1D853}.Debug|Any CPU.Build.0 = Debug|Any CPU
		{0C5FB135-E63D-4E68-8611-BC713DD1D853}.Release|Any CPU.ActiveCfg = Release|Any CPU
		{0C5FB135-E63D-4E68-8611-BC713DD1D853}.Release|Any CPU.Build.0 = Release|Any CPU
	EndGlobalSection
	GlobalSection(SolutionProperties) = preSolution
		HideSolutionNode = FALSE
	EndGlobalSection
	GlobalSection(ExtensibilityGlobals) = postSolution
		SolutionGuid = {AD89AB61-96E3-4BF0-854F-C6B5A50F9E9A}
	EndGlobalSection
EndGlobal
