
Microsoft Visual Studio Solution File, Format Version 12.00
# Visual Studio 15
VisualStudioVersion = 15.0.28307.902
MinimumVisualStudioVersion = 10.0.40219.1
Project("{FAE04EC0-301F-11D3-BF4B-00C04F79EFBC}") = "Laba_16", "Laba_16\Laba_16.csproj", "{BCED59F2-F0B5-4819-946A-15A7258C839B}"
EndProject
Global
	GlobalSection(SolutionConfigurationPlatforms) = preSolution
		Debug|Any CPU = Debug|Any CPU
		Release|Any CPU = Release|Any CPU
	EndGlobalSection
	GlobalSection(ProjectConfigurationPlatforms) = postSolution
		{BCED59F2-F0B5-4819-946A-15A7258C839B}.Debug|Any CPU.ActiveCfg = Debug|Any CPU
		{BCED59F2-F0B5-4819-946A-15A7258C839B}.Debug|Any CPU.Build.0 = Debug|Any CPU
		{BCED59F2-F0B5-4819-946A-15A7258C839B}.Release|Any CPU.ActiveCfg = Release|Any CPU
		{BCED59F2-F0B5-4819-946A-15A7258C839B}.Release|Any CPU.Build.0 = Release|Any CPU
	EndGlobalSection
	GlobalSection(SolutionProperties) = preSolution
		HideSolutionNode = FALSE
	EndGlobalSection
	GlobalSection(ExtensibilityGlobals) = postSolution
		SolutionGuid = {9A82310C-C718-4296-9321-BE09325514FD}
	EndGlobalSection
EndGlobal
